// !$*UTF8*$!
{
	archiveVersion = 1;
	classes = {
	};
	objectVersion = 50;
	objects = {

/* Begin PBXBuildFile section */
		07821DE6213BA89D00080F73 /* AppDelegate.swift in Sources */ = {isa = PBXBuildFile; fileRef = 07821DE5213BA89D00080F73 /* AppDelegate.swift */; };
		07821DEB213BA89D00080F73 /* Main.storyboard in Resources */ = {isa = PBXBuildFile; fileRef = 07821DE9213BA89D00080F73 /* Main.storyboard */; };
		07821DED213BA89E00080F73 /* Assets.xcassets in Resources */ = {isa = PBXBuildFile; fileRef = 07821DEC213BA89E00080F73 /* Assets.xcassets */; };
		07821DF0213BA89E00080F73 /* LaunchScreen.storyboard in Resources */ = {isa = PBXBuildFile; fileRef = 07821DEE213BA89E00080F73 /* LaunchScreen.storyboard */; };
		07821E0E213BABE700080F73 /* VideoAPI.swift in Sources */ = {isa = PBXBuildFile; fileRef = 07821E09213BABE700080F73 /* VideoAPI.swift */; };
		07821E0F213BABE700080F73 /* VideoDataSource.swift in Sources */ = {isa = PBXBuildFile; fileRef = 07821E0A213BABE700080F73 /* VideoDataSource.swift */; };
		07821E10213BABE700080F73 /* VideoCollectionViewModel.swift in Sources */ = {isa = PBXBuildFile; fileRef = 07821E0B213BABE700080F73 /* VideoCollectionViewModel.swift */; };
		07821E11213BABE700080F73 /* Video.swift in Sources */ = {isa = PBXBuildFile; fileRef = 07821E0C213BABE700080F73 /* Video.swift */; };
		07821E12213BABE700080F73 /* UIImageView+URL.swift in Sources */ = {isa = PBXBuildFile; fileRef = 07821E0D213BABE700080F73 /* UIImageView+URL.swift */; };
		07821E18213BACBF00080F73 /* ViewController.swift in Sources */ = {isa = PBXBuildFile; fileRef = 07821E16213BACBE00080F73 /* ViewController.swift */; };
		07821E19213BACBF00080F73 /* VideoCollectionViewCell.swift in Sources */ = {isa = PBXBuildFile; fileRef = 07821E17213BACBE00080F73 /* VideoCollectionViewCell.swift */; };
		07821E1F213BF1F700080F73 /* Utility.swift in Sources */ = {isa = PBXBuildFile; fileRef = 07821E1E213BF1F700080F73 /* Utility.swift */; };
		07E66CD2215934D6002F9C71 /* VideoTests.swift in Sources */ = {isa = PBXBuildFile; fileRef = 07E66CD1215934D6002F9C71 /* VideoTests.swift */; };
		07E66CD42159395E002F9C71 /* VideoCollectionViewModelTests.swift in Sources */ = {isa = PBXBuildFile; fileRef = 07E66CD32159395E002F9C71 /* VideoCollectionViewModelTests.swift */; };
		07E66CD6215939A7002F9C71 /* UtilityTests.swift in Sources */ = {isa = PBXBuildFile; fileRef = 07E66CD5215939A7002F9C71 /* UtilityTests.swift */; };
		07E66D0821593FEE002F9C71 /* videos_page_1.json in Resources */ = {isa = PBXBuildFile; fileRef = 07E66D0421593FEE002F9C71 /* videos_page_1.json */; };
		07E66D0921593FEE002F9C71 /* videos_page_4.json in Resources */ = {isa = PBXBuildFile; fileRef = 07E66D0521593FEE002F9C71 /* videos_page_4.json */; };
		07E66D0A21593FEE002F9C71 /* videos_page_3.json in Resources */ = {isa = PBXBuildFile; fileRef = 07E66D0621593FEE002F9C71 /* videos_page_3.json */; };
		07E66D0B21593FEE002F9C71 /* videos_page_2.json in Resources */ = {isa = PBXBuildFile; fileRef = 07E66D0721593FEE002F9C71 /* videos_page_2.json */; };
		07E66D1321594547002F9C71 /* AppDelegate.swift in Sources */ = {isa = PBXBuildFile; fileRef = 07E66D1221594547002F9C71 /* AppDelegate.swift */; };
		07E66D1521594547002F9C71 /* ViewController.swift in Sources */ = {isa = PBXBuildFile; fileRef = 07E66D1421594547002F9C71 /* ViewController.swift */; };
		07E66D1821594547002F9C71 /* Main.storyboard in Resources */ = {isa = PBXBuildFile; fileRef = 07E66D1621594547002F9C71 /* Main.storyboard */; };
		07E66D1A21594549002F9C71 /* Assets.xcassets in Resources */ = {isa = PBXBuildFile; fileRef = 07E66D1921594549002F9C71 /* Assets.xcassets */; };
		07E66D2521594549002F9C71 /* WWDC_tvOSTests.swift in Sources */ = {isa = PBXBuildFile; fileRef = 07E66D2421594549002F9C71 /* WWDC_tvOSTests.swift */; };
		07E66D2D2159491A002F9C71 /* Video.swift in Sources */ = {isa = PBXBuildFile; fileRef = 07821E0C213BABE700080F73 /* Video.swift */; };
		07E66D2E21594C8D002F9C71 /* VideoAPI.swift in Sources */ = {isa = PBXBuildFile; fileRef = 07821E09213BABE700080F73 /* VideoAPI.swift */; };
		07E66D2F21594C8D002F9C71 /* VideoCollectionViewModel.swift in Sources */ = {isa = PBXBuildFile; fileRef = 07821E0B213BABE700080F73 /* VideoCollectionViewModel.swift */; };
		07E66D3021594C8D002F9C71 /* VideoDataSource.swift in Sources */ = {isa = PBXBuildFile; fileRef = 07821E0A213BABE700080F73 /* VideoDataSource.swift */; };
		07E66D3121594C8D002F9C71 /* UIImageView+URL.swift in Sources */ = {isa = PBXBuildFile; fileRef = 07821E0D213BABE700080F73 /* UIImageView+URL.swift */; };
		07E66D3221594C8D002F9C71 /* Utility.swift in Sources */ = {isa = PBXBuildFile; fileRef = 07821E1E213BF1F700080F73 /* Utility.swift */; };
		07E66D3421594CB4002F9C71 /* VideoCollectionViewCell.swift in Sources */ = {isa = PBXBuildFile; fileRef = 07E66D3321594CB4002F9C71 /* VideoCollectionViewCell.swift */; };
		1F82D4226E97D7F4745988BB /* Pods_WWDC_tvOS.framework in Frameworks */ = {isa = PBXBuildFile; fileRef = BAF9816FC3AE2C4E6CEDA954 /* Pods_WWDC_tvOS.framework */; };
		54ADF02626381200F948864C /* Pods_WWDC_tvOSTests.framework in Frameworks */ = {isa = PBXBuildFile; fileRef = 19299086AA8728B78AD64EFC /* Pods_WWDC_tvOSTests.framework */; };
		8BF0E202652F646243281C37 /* Pods_WWDC.framework in Frameworks */ = {isa = PBXBuildFile; fileRef = 7449071968DF4F8917C4C92D /* Pods_WWDC.framework */; };
		DEC5F8847B0673CC119DFF9B /* Pods_WWDCTests.framework in Frameworks */ = {isa = PBXBuildFile; fileRef = 703D5015C6331BFC64622DA6 /* Pods_WWDCTests.framework */; };
/* End PBXBuildFile section */

/* Begin PBXContainerItemProxy section */
		07821DF7213BA89E00080F73 /* PBXContainerItemProxy */ = {
			isa = PBXContainerItemProxy;
			containerPortal = 07821DDA213BA89D00080F73 /* Project object */;
			proxyType = 1;
			remoteGlobalIDString = 07821DE1213BA89D00080F73;
			remoteInfo = WWDC;
		};
		07E66D2121594549002F9C71 /* PBXContainerItemProxy */ = {
			isa = PBXContainerItemProxy;
			containerPortal = 07821DDA213BA89D00080F73 /* Project object */;
			proxyType = 1;
			remoteGlobalIDString = 07E66D0F21594547002F9C71;
			remoteInfo = WWDC_tvOS;
		};
/* End PBXContainerItemProxy section */

/* Begin PBXFileReference section */
		07386802213C49E7004BC94C /* Appfile */ = {isa = PBXFileReference; explicitFileType = text.script.ruby; path = Appfile; sourceTree = "<group>"; };
		07386803213C49E7004BC94C /* Fastfile */ = {isa = PBXFileReference; explicitFileType = text.script.ruby; path = Fastfile; sourceTree = "<group>"; };
		07386804213C49E7004BC94C /* README.md */ = {isa = PBXFileReference; lastKnownFileType = net.daringfireball.markdown; path = README.md; sourceTree = "<group>"; };
		07821DE2213BA89D00080F73 /* WWDC.app */ = {isa = PBXFileReference; explicitFileType = wrapper.application; includeInIndex = 0; path = WWDC.app; sourceTree = BUILT_PRODUCTS_DIR; };
		07821DE5213BA89D00080F73 /* AppDelegate.swift */ = {isa = PBXFileReference; lastKnownFileType = sourcecode.swift; path = AppDelegate.swift; sourceTree = "<group>"; };
		07821DEA213BA89D00080F73 /* Base */ = {isa = PBXFileReference; lastKnownFileType = file.storyboard; name = Base; path = Base.lproj/Main.storyboard; sourceTree = "<group>"; };
		07821DEC213BA89E00080F73 /* Assets.xcassets */ = {isa = PBXFileReference; lastKnownFileType = folder.assetcatalog; path = Assets.xcassets; sourceTree = "<group>"; };
		07821DEF213BA89E00080F73 /* Base */ = {isa = PBXFileReference; lastKnownFileType = file.storyboard; name = Base; path = Base.lproj/LaunchScreen.storyboard; sourceTree = "<group>"; };
		07821DF1213BA89E00080F73 /* Info.plist */ = {isa = PBXFileReference; lastKnownFileType = text.plist.xml; path = Info.plist; sourceTree = "<group>"; };
		07821DF6213BA89E00080F73 /* WWDCTests.xctest */ = {isa = PBXFileReference; explicitFileType = wrapper.cfbundle; includeInIndex = 0; path = WWDCTests.xctest; sourceTree = BUILT_PRODUCTS_DIR; };
		07821DFC213BA89E00080F73 /* Info.plist */ = {isa = PBXFileReference; lastKnownFileType = text.plist.xml; path = Info.plist; sourceTree = "<group>"; };
		07821E09213BABE700080F73 /* VideoAPI.swift */ = {isa = PBXFileReference; fileEncoding = 4; lastKnownFileType = sourcecode.swift; path = VideoAPI.swift; sourceTree = "<group>"; };
		07821E0A213BABE700080F73 /* VideoDataSource.swift */ = {isa = PBXFileReference; fileEncoding = 4; lastKnownFileType = sourcecode.swift; path = VideoDataSource.swift; sourceTree = "<group>"; };
		07821E0B213BABE700080F73 /* VideoCollectionViewModel.swift */ = {isa = PBXFileReference; fileEncoding = 4; lastKnownFileType = sourcecode.swift; path = VideoCollectionViewModel.swift; sourceTree = "<group>"; };
		07821E0C213BABE700080F73 /* Video.swift */ = {isa = PBXFileReference; fileEncoding = 4; lastKnownFileType = sourcecode.swift; path = Video.swift; sourceTree = "<group>"; };
		07821E0D213BABE700080F73 /* UIImageView+URL.swift */ = {isa = PBXFileReference; fileEncoding = 4; lastKnownFileType = sourcecode.swift; path = "UIImageView+URL.swift"; sourceTree = "<group>"; };
		07821E16213BACBE00080F73 /* ViewController.swift */ = {isa = PBXFileReference; fileEncoding = 4; lastKnownFileType = sourcecode.swift; path = ViewController.swift; sourceTree = "<group>"; };
		07821E17213BACBE00080F73 /* VideoCollectionViewCell.swift */ = {isa = PBXFileReference; fileEncoding = 4; lastKnownFileType = sourcecode.swift; path = VideoCollectionViewCell.swift; sourceTree = "<group>"; };
		07821E1E213BF1F700080F73 /* Utility.swift */ = {isa = PBXFileReference; lastKnownFileType = sourcecode.swift; path = Utility.swift; sourceTree = "<group>"; };
		07E66CD1215934D6002F9C71 /* VideoTests.swift */ = {isa = PBXFileReference; lastKnownFileType = sourcecode.swift; path = VideoTests.swift; sourceTree = "<group>"; };
		07E66CD32159395E002F9C71 /* VideoCollectionViewModelTests.swift */ = {isa = PBXFileReference; lastKnownFileType = sourcecode.swift; path = VideoCollectionViewModelTests.swift; sourceTree = "<group>"; };
		07E66CD5215939A7002F9C71 /* UtilityTests.swift */ = {isa = PBXFileReference; lastKnownFileType = sourcecode.swift; path = UtilityTests.swift; sourceTree = "<group>"; };
		07E66D0421593FEE002F9C71 /* videos_page_1.json */ = {isa = PBXFileReference; fileEncoding = 4; lastKnownFileType = text.json; path = videos_page_1.json; sourceTree = "<group>"; };
		07E66D0521593FEE002F9C71 /* videos_page_4.json */ = {isa = PBXFileReference; fileEncoding = 4; lastKnownFileType = text.json; path = videos_page_4.json; sourceTree = "<group>"; };
		07E66D0621593FEE002F9C71 /* videos_page_3.json */ = {isa = PBXFileReference; fileEncoding = 4; lastKnownFileType = text.json; path = videos_page_3.json; sourceTree = "<group>"; };
		07E66D0721593FEE002F9C71 /* videos_page_2.json */ = {isa = PBXFileReference; fileEncoding = 4; lastKnownFileType = text.json; path = videos_page_2.json; sourceTree = "<group>"; };
		07E66D1021594547002F9C71 /* WWDC_tvOS.app */ = {isa = PBXFileReference; explicitFileType = wrapper.application; includeInIndex = 0; path = WWDC_tvOS.app; sourceTree = BUILT_PRODUCTS_DIR; };
		07E66D1221594547002F9C71 /* AppDelegate.swift */ = {isa = PBXFileReference; lastKnownFileType = sourcecode.swift; path = AppDelegate.swift; sourceTree = "<group>"; };
		07E66D1421594547002F9C71 /* ViewController.swift */ = {isa = PBXFileReference; lastKnownFileType = sourcecode.swift; path = ViewController.swift; sourceTree = "<group>"; };
		07E66D1721594547002F9C71 /* Base */ = {isa = PBXFileReference; lastKnownFileType = file.storyboard; name = Base; path = Base.lproj/Main.storyboard; sourceTree = "<group>"; };
		07E66D1921594549002F9C71 /* Assets.xcassets */ = {isa = PBXFileReference; lastKnownFileType = folder.assetcatalog; path = Assets.xcassets; sourceTree = "<group>"; };
		07E66D1B21594549002F9C71 /* Info.plist */ = {isa = PBXFileReference; lastKnownFileType = text.plist.xml; path = Info.plist; sourceTree = "<group>"; };
		07E66D2021594549002F9C71 /* WWDC_tvOSTests.xctest */ = {isa = PBXFileReference; explicitFileType = wrapper.cfbundle; includeInIndex = 0; path = WWDC_tvOSTests.xctest; sourceTree = BUILT_PRODUCTS_DIR; };
		07E66D2421594549002F9C71 /* WWDC_tvOSTests.swift */ = {isa = PBXFileReference; lastKnownFileType = sourcecode.swift; path = WWDC_tvOSTests.swift; sourceTree = "<group>"; };
		07E66D2621594549002F9C71 /* Info.plist */ = {isa = PBXFileReference; lastKnownFileType = text.plist.xml; path = Info.plist; sourceTree = "<group>"; };
		07E66D3321594CB4002F9C71 /* VideoCollectionViewCell.swift */ = {isa = PBXFileReference; lastKnownFileType = sourcecode.swift; path = VideoCollectionViewCell.swift; sourceTree = "<group>"; };
		0E48116C1BB7F26ECDC5D12B /* Pods-WWDC_tvOSTests.debug.xcconfig */ = {isa = PBXFileReference; includeInIndex = 1; lastKnownFileType = text.xcconfig; name = "Pods-WWDC_tvOSTests.debug.xcconfig"; path = "Pods/Target Support Files/Pods-WWDC_tvOSTests/Pods-WWDC_tvOSTests.debug.xcconfig"; sourceTree = "<group>"; };
		19299086AA8728B78AD64EFC /* Pods_WWDC_tvOSTests.framework */ = {isa = PBXFileReference; explicitFileType = wrapper.framework; includeInIndex = 0; path = Pods_WWDC_tvOSTests.framework; sourceTree = BUILT_PRODUCTS_DIR; };
		277B43DEA3B351850A38208C /* Pods-WWDC_tvOS.debug.xcconfig */ = {isa = PBXFileReference; includeInIndex = 1; lastKnownFileType = text.xcconfig; name = "Pods-WWDC_tvOS.debug.xcconfig"; path = "Pods/Target Support Files/Pods-WWDC_tvOS/Pods-WWDC_tvOS.debug.xcconfig"; sourceTree = "<group>"; };
		2FAA7D95EC5482D60108D84E /* Pods-WWDC.release.xcconfig */ = {isa = PBXFileReference; includeInIndex = 1; lastKnownFileType = text.xcconfig; name = "Pods-WWDC.release.xcconfig"; path = "Pods/Target Support Files/Pods-WWDC/Pods-WWDC.release.xcconfig"; sourceTree = "<group>"; };
		326DD5617C92615F762105E4 /* Pods-WWDC.debug.xcconfig */ = {isa = PBXFileReference; includeInIndex = 1; lastKnownFileType = text.xcconfig; name = "Pods-WWDC.debug.xcconfig"; path = "Pods/Target Support Files/Pods-WWDC/Pods-WWDC.debug.xcconfig"; sourceTree = "<group>"; };
		3F5D55354FD4C0EAB0E05922 /* Pods-WWDC_tvOSTests.release.xcconfig */ = {isa = PBXFileReference; includeInIndex = 1; lastKnownFileType = text.xcconfig; name = "Pods-WWDC_tvOSTests.release.xcconfig"; path = "Pods/Target Support Files/Pods-WWDC_tvOSTests/Pods-WWDC_tvOSTests.release.xcconfig"; sourceTree = "<group>"; };
		45414FE8CFDCE7637548364F /* Pods-WWDCTests.release.xcconfig */ = {isa = PBXFileReference; includeInIndex = 1; lastKnownFileType = text.xcconfig; name = "Pods-WWDCTests.release.xcconfig"; path = "Pods/Target Support Files/Pods-WWDCTests/Pods-WWDCTests.release.xcconfig"; sourceTree = "<group>"; };
		4ADEE6B383041F32E932C14C /* Pods-WWDCTests.debug.xcconfig */ = {isa = PBXFileReference; includeInIndex = 1; lastKnownFileType = text.xcconfig; name = "Pods-WWDCTests.debug.xcconfig"; path = "Pods/Target Support Files/Pods-WWDCTests/Pods-WWDCTests.debug.xcconfig"; sourceTree = "<group>"; };
		703D5015C6331BFC64622DA6 /* Pods_WWDCTests.framework */ = {isa = PBXFileReference; explicitFileType = wrapper.framework; includeInIndex = 0; path = Pods_WWDCTests.framework; sourceTree = BUILT_PRODUCTS_DIR; };
		7449071968DF4F8917C4C92D /* Pods_WWDC.framework */ = {isa = PBXFileReference; explicitFileType = wrapper.framework; includeInIndex = 0; path = Pods_WWDC.framework; sourceTree = BUILT_PRODUCTS_DIR; };
		7A904F116B9397703F2E796C /* Pods-WWDC_tvOS.release.xcconfig */ = {isa = PBXFileReference; includeInIndex = 1; lastKnownFileType = text.xcconfig; name = "Pods-WWDC_tvOS.release.xcconfig"; path = "Pods/Target Support Files/Pods-WWDC_tvOS/Pods-WWDC_tvOS.release.xcconfig"; sourceTree = "<group>"; };
		BAF9816FC3AE2C4E6CEDA954 /* Pods_WWDC_tvOS.framework */ = {isa = PBXFileReference; explicitFileType = wrapper.framework; includeInIndex = 0; path = Pods_WWDC_tvOS.framework; sourceTree = BUILT_PRODUCTS_DIR; };
/* End PBXFileReference section */

/* Begin PBXFrameworksBuildPhase section */
		07821DDF213BA89D00080F73 /* Frameworks */ = {
			isa = PBXFrameworksBuildPhase;
			buildActionMask = 2147483647;
			files = (
				8BF0E202652F646243281C37 /* Pods_WWDC.framework in Frameworks */,
			);
			runOnlyForDeploymentPostprocessing = 0;
		};
		07821DF3213BA89E00080F73 /* Frameworks */ = {
			isa = PBXFrameworksBuildPhase;
			buildActionMask = 2147483647;
			files = (
				DEC5F8847B0673CC119DFF9B /* Pods_WWDCTests.framework in Frameworks */,
			);
			runOnlyForDeploymentPostprocessing = 0;
		};
		07E66D0D21594547002F9C71 /* Frameworks */ = {
			isa = PBXFrameworksBuildPhase;
			buildActionMask = 2147483647;
			files = (
				1F82D4226E97D7F4745988BB /* Pods_WWDC_tvOS.framework in Frameworks */,
			);
			runOnlyForDeploymentPostprocessing = 0;
		};
		07E66D1D21594549002F9C71 /* Frameworks */ = {
			isa = PBXFrameworksBuildPhase;
			buildActionMask = 2147483647;
			files = (
				54ADF02626381200F948864C /* Pods_WWDC_tvOSTests.framework in Frameworks */,
			);
			runOnlyForDeploymentPostprocessing = 0;
		};
/* End PBXFrameworksBuildPhase section */

/* Begin PBXGroup section */
		07386801213C49E7004BC94C /* fastlane */ = {
			isa = PBXGroup;
			children = (
				07386802213C49E7004BC94C /* Appfile */,
				07386803213C49E7004BC94C /* Fastfile */,
				07386804213C49E7004BC94C /* README.md */,
			);
			path = fastlane;
			sourceTree = "<group>";
		};
		07821DD9213BA89D00080F73 = {
			isa = PBXGroup;
			children = (
				07821E15213BAC3800080F73 /* Business Logic */,
				07821DE4213BA89D00080F73 /* WWDC */,
				07821DF9213BA89E00080F73 /* WWDCTests */,
				07E66D1121594547002F9C71 /* WWDC_tvOS */,
				07E66D2321594549002F9C71 /* WWDC_tvOSTests */,
				07821DE3213BA89D00080F73 /* Products */,
				DF4A2CDF8964D9D1612F01C1 /* Pods */,
				CC88290C2510DA5E1E67B4C8 /* Frameworks */,
				07E66D0321593FEE002F9C71 /* Mock */,
				07386801213C49E7004BC94C /* fastlane */,
			);
			sourceTree = "<group>";
		};
		07821DE3213BA89D00080F73 /* Products */ = {
			isa = PBXGroup;
			children = (
				07821DE2213BA89D00080F73 /* WWDC.app */,
				07821DF6213BA89E00080F73 /* WWDCTests.xctest */,
				07E66D1021594547002F9C71 /* WWDC_tvOS.app */,
				07E66D2021594549002F9C71 /* WWDC_tvOSTests.xctest */,
			);
			name = Products;
			sourceTree = "<group>";
		};
		07821DE4213BA89D00080F73 /* WWDC */ = {
			isa = PBXGroup;
			children = (
				07821DE5213BA89D00080F73 /* AppDelegate.swift */,
				07821E16213BACBE00080F73 /* ViewController.swift */,
				07821E17213BACBE00080F73 /* VideoCollectionViewCell.swift */,
				07821DE9213BA89D00080F73 /* Main.storyboard */,
				07821DEE213BA89E00080F73 /* LaunchScreen.storyboard */,
				07821DF1213BA89E00080F73 /* Info.plist */,
				07821DEC213BA89E00080F73 /* Assets.xcassets */,
			);
			path = WWDC;
			sourceTree = "<group>";
		};
		07821DF9213BA89E00080F73 /* WWDCTests */ = {
			isa = PBXGroup;
			children = (
				07821DFC213BA89E00080F73 /* Info.plist */,
				07E66CD1215934D6002F9C71 /* VideoTests.swift */,
				07E66CD32159395E002F9C71 /* VideoCollectionViewModelTests.swift */,
				07E66CD5215939A7002F9C71 /* UtilityTests.swift */,
			);
			path = WWDCTests;
			sourceTree = "<group>";
		};
		07821E15213BAC3800080F73 /* Business Logic */ = {
			isa = PBXGroup;
			children = (
				07821E0C213BABE700080F73 /* Video.swift */,
				07821E09213BABE700080F73 /* VideoAPI.swift */,
				07821E0B213BABE700080F73 /* VideoCollectionViewModel.swift */,
				07821E0A213BABE700080F73 /* VideoDataSource.swift */,
				07821E0D213BABE700080F73 /* UIImageView+URL.swift */,
				07821E1E213BF1F700080F73 /* Utility.swift */,
			);
			path = "Business Logic";
			sourceTree = "<group>";
		};
		07E66D0321593FEE002F9C71 /* Mock */ = {
			isa = PBXGroup;
			children = (
				07E66D0421593FEE002F9C71 /* videos_page_1.json */,
				07E66D0521593FEE002F9C71 /* videos_page_4.json */,
				07E66D0621593FEE002F9C71 /* videos_page_3.json */,
				07E66D0721593FEE002F9C71 /* videos_page_2.json */,
			);
			path = Mock;
			sourceTree = "<group>";
		};
		07E66D1121594547002F9C71 /* WWDC_tvOS */ = {
			isa = PBXGroup;
			children = (
				07E66D1221594547002F9C71 /* AppDelegate.swift */,
				07E66D1421594547002F9C71 /* ViewController.swift */,
				07E66D3321594CB4002F9C71 /* VideoCollectionViewCell.swift */,
				07E66D1621594547002F9C71 /* Main.storyboard */,
				07E66D1921594549002F9C71 /* Assets.xcassets */,
				07E66D1B21594549002F9C71 /* Info.plist */,
			);
			path = WWDC_tvOS;
			sourceTree = "<group>";
		};
		07E66D2321594549002F9C71 /* WWDC_tvOSTests */ = {
			isa = PBXGroup;
			children = (
				07E66D2421594549002F9C71 /* WWDC_tvOSTests.swift */,
				07E66D2621594549002F9C71 /* Info.plist */,
			);
			path = WWDC_tvOSTests;
			sourceTree = "<group>";
		};
		CC88290C2510DA5E1E67B4C8 /* Frameworks */ = {
			isa = PBXGroup;
			children = (
				7449071968DF4F8917C4C92D /* Pods_WWDC.framework */,
				703D5015C6331BFC64622DA6 /* Pods_WWDCTests.framework */,
				BAF9816FC3AE2C4E6CEDA954 /* Pods_WWDC_tvOS.framework */,
				19299086AA8728B78AD64EFC /* Pods_WWDC_tvOSTests.framework */,
			);
			name = Frameworks;
			sourceTree = "<group>";
		};
		DF4A2CDF8964D9D1612F01C1 /* Pods */ = {
			isa = PBXGroup;
			children = (
				326DD5617C92615F762105E4 /* Pods-WWDC.debug.xcconfig */,
				2FAA7D95EC5482D60108D84E /* Pods-WWDC.release.xcconfig */,
				4ADEE6B383041F32E932C14C /* Pods-WWDCTests.debug.xcconfig */,
				45414FE8CFDCE7637548364F /* Pods-WWDCTests.release.xcconfig */,
				277B43DEA3B351850A38208C /* Pods-WWDC_tvOS.debug.xcconfig */,
				7A904F116B9397703F2E796C /* Pods-WWDC_tvOS.release.xcconfig */,
				0E48116C1BB7F26ECDC5D12B /* Pods-WWDC_tvOSTests.debug.xcconfig */,
				3F5D55354FD4C0EAB0E05922 /* Pods-WWDC_tvOSTests.release.xcconfig */,
			);
			name = Pods;
			sourceTree = "<group>";
		};
/* End PBXGroup section */

/* Begin PBXNativeTarget section */
		07821DE1213BA89D00080F73 /* WWDC */ = {
			isa = PBXNativeTarget;
			buildConfigurationList = 07821DFF213BA89E00080F73 /* Build configuration list for PBXNativeTarget "WWDC" */;
			buildPhases = (
				2F52644B646FEBBE3A19B310 /* [CP] Check Pods Manifest.lock */,
				07821DDE213BA89D00080F73 /* Sources */,
				07821DDF213BA89D00080F73 /* Frameworks */,
				07821DE0213BA89D00080F73 /* Resources */,
				C2BE46B22D6EE045E26D7987 /* [CP] Embed Pods Frameworks */,
			);
			buildRules = (
			);
			dependencies = (
			);
			name = WWDC;
			productName = WWDC;
			productReference = 07821DE2213BA89D00080F73 /* WWDC.app */;
			productType = "com.apple.product-type.application";
		};
		07821DF5213BA89E00080F73 /* WWDCTests */ = {
			isa = PBXNativeTarget;
			buildConfigurationList = 07821E02213BA89E00080F73 /* Build configuration list for PBXNativeTarget "WWDCTests" */;
			buildPhases = (
				B333E84134F51B30B78E3EAB /* [CP] Check Pods Manifest.lock */,
				07821DF2213BA89E00080F73 /* Sources */,
				07821DF3213BA89E00080F73 /* Frameworks */,
				07821DF4213BA89E00080F73 /* Resources */,
			);
			buildRules = (
			);
			dependencies = (
				07821DF8213BA89E00080F73 /* PBXTargetDependency */,
			);
			name = WWDCTests;
			productName = WWDCTests;
			productReference = 07821DF6213BA89E00080F73 /* WWDCTests.xctest */;
			productType = "com.apple.product-type.bundle.unit-test";
		};
		07E66D0F21594547002F9C71 /* WWDC_tvOS */ = {
			isa = PBXNativeTarget;
			buildConfigurationList = 07E66D2721594549002F9C71 /* Build configuration list for PBXNativeTarget "WWDC_tvOS" */;
			buildPhases = (
				7E13BA84439B37C016C05AF8 /* [CP] Check Pods Manifest.lock */,
				07E66D0C21594547002F9C71 /* Sources */,
				07E66D0D21594547002F9C71 /* Frameworks */,
				07E66D0E21594547002F9C71 /* Resources */,
				9A59AC637B19E0990170AC25 /* [CP] Embed Pods Frameworks */,
			);
			buildRules = (
			);
			dependencies = (
			);
			name = WWDC_tvOS;
			productName = WWDC_tvOS;
			productReference = 07E66D1021594547002F9C71 /* WWDC_tvOS.app */;
			productType = "com.apple.product-type.application";
		};
		07E66D1F21594549002F9C71 /* WWDC_tvOSTests */ = {
			isa = PBXNativeTarget;
			buildConfigurationList = 07E66D2A21594549002F9C71 /* Build configuration list for PBXNativeTarget "WWDC_tvOSTests" */;
			buildPhases = (
				7D005C5958521EB4ADE15D27 /* [CP] Check Pods Manifest.lock */,
				07E66D1C21594549002F9C71 /* Sources */,
				07E66D1D21594549002F9C71 /* Frameworks */,
				07E66D1E21594549002F9C71 /* Resources */,
			);
			buildRules = (
			);
			dependencies = (
				07E66D2221594549002F9C71 /* PBXTargetDependency */,
			);
			name = WWDC_tvOSTests;
			productName = WWDC_tvOSTests;
			productReference = 07E66D2021594549002F9C71 /* WWDC_tvOSTests.xctest */;
			productType = "com.apple.product-type.bundle.unit-test";
		};
/* End PBXNativeTarget section */

/* Begin PBXProject section */
		07821DDA213BA89D00080F73 /* Project object */ = {
			isa = PBXProject;
			attributes = {
				LastSwiftUpdateCheck = 1000;
				LastUpgradeCheck = 0940;
				ORGANIZATIONNAME = "Thanh Turin";
				TargetAttributes = {
					07821DE1213BA89D00080F73 = {
						CreatedOnToolsVersion = 9.4.1;
					};
					07821DF5213BA89E00080F73 = {
						CreatedOnToolsVersion = 9.4.1;
						LastSwiftMigration = 1000;
						TestTargetID = 07821DE1213BA89D00080F73;
					};
					07E66D0F21594547002F9C71 = {
						CreatedOnToolsVersion = 10.0;
					};
					07E66D1F21594549002F9C71 = {
						CreatedOnToolsVersion = 10.0;
						TestTargetID = 07E66D0F21594547002F9C71;
					};
				};
			};
			buildConfigurationList = 07821DDD213BA89D00080F73 /* Build configuration list for PBXProject "WWDC" */;
			compatibilityVersion = "Xcode 9.3";
			developmentRegion = en;
			hasScannedForEncodings = 0;
			knownRegions = (
				en,
				Base,
			);
			mainGroup = 07821DD9213BA89D00080F73;
			productRefGroup = 07821DE3213BA89D00080F73 /* Products */;
			projectDirPath = "";
			projectRoot = "";
			targets = (
				07821DE1213BA89D00080F73 /* WWDC */,
				07821DF5213BA89E00080F73 /* WWDCTests */,
				07E66D0F21594547002F9C71 /* WWDC_tvOS */,
				07E66D1F21594549002F9C71 /* WWDC_tvOSTests */,
			);
		};
/* End PBXProject section */

/* Begin PBXResourcesBuildPhase section */
		07821DE0213BA89D00080F73 /* Resources */ = {
			isa = PBXResourcesBuildPhase;
			buildActionMask = 2147483647;
			files = (
				07E66D0821593FEE002F9C71 /* videos_page_1.json in Resources */,
				07E66D0B21593FEE002F9C71 /* videos_page_2.json in Resources */,
				07E66D0A21593FEE002F9C71 /* videos_page_3.json in Resources */,
				07821DF0213BA89E00080F73 /* LaunchScreen.storyboard in Resources */,
				07E66D0921593FEE002F9C71 /* videos_page_4.json in Resources */,
				07821DED213BA89E00080F73 /* Assets.xcassets in Resources */,
				07821DEB213BA89D00080F73 /* Main.storyboard in Resources */,
			);
			runOnlyForDeploymentPostprocessing = 0;
		};
		07821DF4213BA89E00080F73 /* Resources */ = {
			isa = PBXResourcesBuildPhase;
			buildActionMask = 2147483647;
			files = (
			);
			runOnlyForDeploymentPostprocessing = 0;
		};
		07E66D0E21594547002F9C71 /* Resources */ = {
			isa = PBXResourcesBuildPhase;
			buildActionMask = 2147483647;
			files = (
				07E66D1A21594549002F9C71 /* Assets.xcassets in Resources */,
				07E66D1821594547002F9C71 /* Main.storyboard in Resources */,
			);
			runOnlyForDeploymentPostprocessing = 0;
		};
		07E66D1E21594549002F9C71 /* Resources */ = {
			isa = PBXResourcesBuildPhase;
			buildActionMask = 2147483647;
			files = (
			);
			runOnlyForDeploymentPostprocessing = 0;
		};
/* End PBXResourcesBuildPhase section */

/* Begin PBXShellScriptBuildPhase section */
		2F52644B646FEBBE3A19B310 /* [CP] Check Pods Manifest.lock */ = {
			isa = PBXShellScriptBuildPhase;
			buildActionMask = 2147483647;
			files = (
			);
			inputPaths = (
				"${PODS_PODFILE_DIR_PATH}/Podfile.lock",
				"${PODS_ROOT}/Manifest.lock",
			);
			name = "[CP] Check Pods Manifest.lock";
			outputPaths = (
				"$(DERIVED_FILE_DIR)/Pods-WWDC-checkManifestLockResult.txt",
			);
			runOnlyForDeploymentPostprocessing = 0;
			shellPath = /bin/sh;
			shellScript = "diff \"${PODS_PODFILE_DIR_PATH}/Podfile.lock\" \"${PODS_ROOT}/Manifest.lock\" > /dev/null\nif [ $? != 0 ] ; then\n    # print error to STDERR\n    echo \"error: The sandbox is not in sync with the Podfile.lock. Run 'pod install' or update your CocoaPods installation.\" >&2\n    exit 1\nfi\n# This output is used by Xcode 'outputs' to avoid re-running this script phase.\necho \"SUCCESS\" > \"${SCRIPT_OUTPUT_FILE_0}\"\n";
			showEnvVarsInLog = 0;
		};
		7D005C5958521EB4ADE15D27 /* [CP] Check Pods Manifest.lock */ = {
			isa = PBXShellScriptBuildPhase;
			buildActionMask = 2147483647;
			files = (
			);
			inputFileListPaths = (
			);
			inputPaths = (
				"${PODS_PODFILE_DIR_PATH}/Podfile.lock",
				"${PODS_ROOT}/Manifest.lock",
			);
			name = "[CP] Check Pods Manifest.lock";
			outputFileListPaths = (
			);
			outputPaths = (
				"$(DERIVED_FILE_DIR)/Pods-WWDC_tvOSTests-checkManifestLockResult.txt",
			);
			runOnlyForDeploymentPostprocessing = 0;
			shellPath = /bin/sh;
			shellScript = "diff \"${PODS_PODFILE_DIR_PATH}/Podfile.lock\" \"${PODS_ROOT}/Manifest.lock\" > /dev/null\nif [ $? != 0 ] ; then\n    # print error to STDERR\n    echo \"error: The sandbox is not in sync with the Podfile.lock. Run 'pod install' or update your CocoaPods installation.\" >&2\n    exit 1\nfi\n# This output is used by Xcode 'outputs' to avoid re-running this script phase.\necho \"SUCCESS\" > \"${SCRIPT_OUTPUT_FILE_0}\"\n";
			showEnvVarsInLog = 0;
		};
		7E13BA84439B37C016C05AF8 /* [CP] Check Pods Manifest.lock */ = {
			isa = PBXShellScriptBuildPhase;
			buildActionMask = 2147483647;
			files = (
			);
			inputFileListPaths = (
			);
			inputPaths = (
				"${PODS_PODFILE_DIR_PATH}/Podfile.lock",
				"${PODS_ROOT}/Manifest.lock",
			);
			name = "[CP] Check Pods Manifest.lock";
			outputFileListPaths = (
			);
			outputPaths = (
				"$(DERIVED_FILE_DIR)/Pods-WWDC_tvOS-checkManifestLockResult.txt",
			);
			runOnlyForDeploymentPostprocessing = 0;
			shellPath = /bin/sh;
			shellScript = "diff \"${PODS_PODFILE_DIR_PATH}/Podfile.lock\" \"${PODS_ROOT}/Manifest.lock\" > /dev/null\nif [ $? != 0 ] ; then\n    # print error to STDERR\n    echo \"error: The sandbox is not in sync with the Podfile.lock. Run 'pod install' or update your CocoaPods installation.\" >&2\n    exit 1\nfi\n# This output is used by Xcode 'outputs' to avoid re-running this script phase.\necho \"SUCCESS\" > \"${SCRIPT_OUTPUT_FILE_0}\"\n";
			showEnvVarsInLog = 0;
		};
		9A59AC637B19E0990170AC25 /* [CP] Embed Pods Frameworks */ = {
			isa = PBXShellScriptBuildPhase;
			buildActionMask = 2147483647;
			files = (
			);
			inputFileListPaths = (
			);
			inputPaths = (
				"${SRCROOT}/Pods/Target Support Files/Pods-WWDC_tvOS/Pods-WWDC_tvOS-frameworks.sh",
				"${BUILT_PRODUCTS_DIR}/Alamofire-tvOS/Alamofire.framework",
				"${BUILT_PRODUCTS_DIR}/AlamofireImage-tvOS/AlamofireImage.framework",
				"${BUILT_PRODUCTS_DIR}/SwiftyJSON-tvOS/SwiftyJSON.framework",
			);
			name = "[CP] Embed Pods Frameworks";
			outputFileListPaths = (
			);
			outputPaths = (
				"${TARGET_BUILD_DIR}/${FRAMEWORKS_FOLDER_PATH}/Alamofire.framework",
				"${TARGET_BUILD_DIR}/${FRAMEWORKS_FOLDER_PATH}/AlamofireImage.framework",
				"${TARGET_BUILD_DIR}/${FRAMEWORKS_FOLDER_PATH}/SwiftyJSON.framework",
			);
			runOnlyForDeploymentPostprocessing = 0;
			shellPath = /bin/sh;
			shellScript = "\"${SRCROOT}/Pods/Target Support Files/Pods-WWDC_tvOS/Pods-WWDC_tvOS-frameworks.sh\"\n";
			showEnvVarsInLog = 0;
		};
		B333E84134F51B30B78E3EAB /* [CP] Check Pods Manifest.lock */ = {
			isa = PBXShellScriptBuildPhase;
			buildActionMask = 2147483647;
			files = (
			);
			inputPaths = (
				"${PODS_PODFILE_DIR_PATH}/Podfile.lock",
				"${PODS_ROOT}/Manifest.lock",
			);
			name = "[CP] Check Pods Manifest.lock";
			outputPaths = (
				"$(DERIVED_FILE_DIR)/Pods-WWDCTests-checkManifestLockResult.txt",
			);
			runOnlyForDeploymentPostprocessing = 0;
			shellPath = /bin/sh;
			shellScript = "diff \"${PODS_PODFILE_DIR_PATH}/Podfile.lock\" \"${PODS_ROOT}/Manifest.lock\" > /dev/null\nif [ $? != 0 ] ; then\n    # print error to STDERR\n    echo \"error: The sandbox is not in sync with the Podfile.lock. Run 'pod install' or update your CocoaPods installation.\" >&2\n    exit 1\nfi\n# This output is used by Xcode 'outputs' to avoid re-running this script phase.\necho \"SUCCESS\" > \"${SCRIPT_OUTPUT_FILE_0}\"\n";
			showEnvVarsInLog = 0;
		};
		C2BE46B22D6EE045E26D7987 /* [CP] Embed Pods Frameworks */ = {
			isa = PBXShellScriptBuildPhase;
			buildActionMask = 2147483647;
			files = (
			);
			inputPaths = (
				"${SRCROOT}/Pods/Target Support Files/Pods-WWDC/Pods-WWDC-frameworks.sh",
				"${BUILT_PRODUCTS_DIR}/Alamofire-iOS/Alamofire.framework",
				"${BUILT_PRODUCTS_DIR}/AlamofireImage-iOS/AlamofireImage.framework",
				"${BUILT_PRODUCTS_DIR}/SwiftyJSON-iOS/SwiftyJSON.framework",
			);
			name = "[CP] Embed Pods Frameworks";
			outputPaths = (
				"${TARGET_BUILD_DIR}/${FRAMEWORKS_FOLDER_PATH}/Alamofire.framework",
				"${TARGET_BUILD_DIR}/${FRAMEWORKS_FOLDER_PATH}/AlamofireImage.framework",
				"${TARGET_BUILD_DIR}/${FRAMEWORKS_FOLDER_PATH}/SwiftyJSON.framework",
			);
			runOnlyForDeploymentPostprocessing = 0;
			shellPath = /bin/sh;
			shellScript = "\"${SRCROOT}/Pods/Target Support Files/Pods-WWDC/Pods-WWDC-frameworks.sh\"\n";
			showEnvVarsInLog = 0;
		};
/* End PBXShellScriptBuildPhase section */

/* Begin PBXSourcesBuildPhase section */
		07821DDE213BA89D00080F73 /* Sources */ = {
			isa = PBXSourcesBuildPhase;
			buildActionMask = 2147483647;
			files = (
				07821E0E213BABE700080F73 /* VideoAPI.swift in Sources */,
				07821E11213BABE700080F73 /* Video.swift in Sources */,
				07821E1F213BF1F700080F73 /* Utility.swift in Sources */,
				07821E0F213BABE700080F73 /* VideoDataSource.swift in Sources */,
				07821DE6213BA89D00080F73 /* AppDelegate.swift in Sources */,
				07821E12213BABE700080F73 /* UIImageView+URL.swift in Sources */,
				07821E18213BACBF00080F73 /* ViewController.swift in Sources */,
				07821E19213BACBF00080F73 /* VideoCollectionViewCell.swift in Sources */,
				07821E10213BABE700080F73 /* VideoCollectionViewModel.swift in Sources */,
			);
			runOnlyForDeploymentPostprocessing = 0;
		};
		07821DF2213BA89E00080F73 /* Sources */ = {
			isa = PBXSourcesBuildPhase;
			buildActionMask = 2147483647;
			files = (
				07E66CD6215939A7002F9C71 /* UtilityTests.swift in Sources */,
				07E66CD42159395E002F9C71 /* VideoCollectionViewModelTests.swift in Sources */,
				07E66CD2215934D6002F9C71 /* VideoTests.swift in Sources */,
			);
			runOnlyForDeploymentPostprocessing = 0;
		};
		07E66D0C21594547002F9C71 /* Sources */ = {
			isa = PBXSourcesBuildPhase;
			buildActionMask = 2147483647;
			files = (
				07E66D3421594CB4002F9C71 /* VideoCollectionViewCell.swift in Sources */,
				07E66D1521594547002F9C71 /* ViewController.swift in Sources */,
				07E66D2D2159491A002F9C71 /* Video.swift in Sources */,
				07E66D3021594C8D002F9C71 /* VideoDataSource.swift in Sources */,
				07E66D2E21594C8D002F9C71 /* VideoAPI.swift in Sources */,
				07E66D3221594C8D002F9C71 /* Utility.swift in Sources */,
				07E66D1321594547002F9C71 /* AppDelegate.swift in Sources */,
				07E66D3121594C8D002F9C71 /* UIImageView+URL.swift in Sources */,
				07E66D2F21594C8D002F9C71 /* VideoCollectionViewModel.swift in Sources */,
			);
			runOnlyForDeploymentPostprocessing = 0;
		};
		07E66D1C21594549002F9C71 /* Sources */ = {
			isa = PBXSourcesBuildPhase;
			buildActionMask = 2147483647;
			files = (
				07E66D2521594549002F9C71 /* WWDC_tvOSTests.swift in Sources */,
			);
			runOnlyForDeploymentPostprocessing = 0;
		};
/* End PBXSourcesBuildPhase section */

/* Begin PBXTargetDependency section */
		07821DF8213BA89E00080F73 /* PBXTargetDependency */ = {
			isa = PBXTargetDependency;
			target = 07821DE1213BA89D00080F73 /* WWDC */;
			targetProxy = 07821DF7213BA89E00080F73 /* PBXContainerItemProxy */;
		};
		07E66D2221594549002F9C71 /* PBXTargetDependency */ = {
			isa = PBXTargetDependency;
			target = 07E66D0F21594547002F9C71 /* WWDC_tvOS */;
			targetProxy = 07E66D2121594549002F9C71 /* PBXContainerItemProxy */;
		};
/* End PBXTargetDependency section */

/* Begin PBXVariantGroup section */
		07821DE9213BA89D00080F73 /* Main.storyboard */ = {
			isa = PBXVariantGroup;
			children = (
				07821DEA213BA89D00080F73 /* Base */,
			);
			name = Main.storyboard;
			sourceTree = "<group>";
		};
		07821DEE213BA89E00080F73 /* LaunchScreen.storyboard */ = {
			isa = PBXVariantGroup;
			children = (
				07821DEF213BA89E00080F73 /* Base */,
			);
			name = LaunchScreen.storyboard;
			sourceTree = "<group>";
		};
		07E66D1621594547002F9C71 /* Main.storyboard */ = {
			isa = PBXVariantGroup;
			children = (
				07E66D1721594547002F9C71 /* Base */,
			);
			name = Main.storyboard;
			sourceTree = "<group>";
		};
/* End PBXVariantGroup section */

/* Begin XCBuildConfiguration section */
		07821DFD213BA89E00080F73 /* Debug */ = {
			isa = XCBuildConfiguration;
			buildSettings = {
				ALWAYS_SEARCH_USER_PATHS = NO;
				CLANG_ANALYZER_NONNULL = YES;
				CLANG_ANALYZER_NUMBER_OBJECT_CONVERSION = YES_AGGRESSIVE;
				CLANG_CXX_LANGUAGE_STANDARD = "gnu++14";
				CLANG_CXX_LIBRARY = "libc++";
				CLANG_ENABLE_MODULES = YES;
				CLANG_ENABLE_OBJC_ARC = YES;
				CLANG_ENABLE_OBJC_WEAK = YES;
				CLANG_WARN_BLOCK_CAPTURE_AUTORELEASING = YES;
				CLANG_WARN_BOOL_CONVERSION = YES;
				CLANG_WARN_COMMA = YES;
				CLANG_WARN_CONSTANT_CONVERSION = YES;
				CLANG_WARN_DEPRECATED_OBJC_IMPLEMENTATIONS = YES;
				CLANG_WARN_DIRECT_OBJC_ISA_USAGE = YES_ERROR;
				CLANG_WARN_DOCUMENTATION_COMMENTS = YES;
				CLANG_WARN_EMPTY_BODY = YES;
				CLANG_WARN_ENUM_CONVERSION = YES;
				CLANG_WARN_INFINITE_RECURSION = YES;
				CLANG_WARN_INT_CONVERSION = YES;
				CLANG_WARN_NON_LITERAL_NULL_CONVERSION = YES;
				CLANG_WARN_OBJC_IMPLICIT_RETAIN_SELF = YES;
				CLANG_WARN_OBJC_LITERAL_CONVERSION = YES;
				CLANG_WARN_OBJC_ROOT_CLASS = YES_ERROR;
				CLANG_WARN_RANGE_LOOP_ANALYSIS = YES;
				CLANG_WARN_STRICT_PROTOTYPES = YES;
				CLANG_WARN_SUSPICIOUS_MOVE = YES;
				CLANG_WARN_UNGUARDED_AVAILABILITY = YES_AGGRESSIVE;
				CLANG_WARN_UNREACHABLE_CODE = YES;
				CLANG_WARN__DUPLICATE_METHOD_MATCH = YES;
				CODE_SIGN_IDENTITY = "iPhone Developer";
				COPY_PHASE_STRIP = NO;
				DEBUG_INFORMATION_FORMAT = dwarf;
				ENABLE_STRICT_OBJC_MSGSEND = YES;
				ENABLE_TESTABILITY = YES;
				GCC_C_LANGUAGE_STANDARD = gnu11;
				GCC_DYNAMIC_NO_PIC = NO;
				GCC_NO_COMMON_BLOCKS = YES;
				GCC_OPTIMIZATION_LEVEL = 0;
				GCC_PREPROCESSOR_DEFINITIONS = (
					"DEBUG=1",
					"$(inherited)",
				);
				GCC_WARN_64_TO_32_BIT_CONVERSION = YES;
				GCC_WARN_ABOUT_RETURN_TYPE = YES_ERROR;
				GCC_WARN_UNDECLARED_SELECTOR = YES;
				GCC_WARN_UNINITIALIZED_AUTOS = YES_AGGRESSIVE;
				GCC_WARN_UNUSED_FUNCTION = YES;
				GCC_WARN_UNUSED_VARIABLE = YES;
				IPHONEOS_DEPLOYMENT_TARGET = 11.4;
				MTL_ENABLE_DEBUG_INFO = YES;
				ONLY_ACTIVE_ARCH = YES;
				SDKROOT = iphoneos;
				SWIFT_ACTIVE_COMPILATION_CONDITIONS = DEBUG;
				SWIFT_OPTIMIZATION_LEVEL = "-Onone";
			};
			name = Debug;
		};
		07821DFE213BA89E00080F73 /* Release */ = {
			isa = XCBuildConfiguration;
			buildSettings = {
				ALWAYS_SEARCH_USER_PATHS = NO;
				CLANG_ANALYZER_NONNULL = YES;
				CLANG_ANALYZER_NUMBER_OBJECT_CONVERSION = YES_AGGRESSIVE;
				CLANG_CXX_LANGUAGE_STANDARD = "gnu++14";
				CLANG_CXX_LIBRARY = "libc++";
				CLANG_ENABLE_MODULES = YES;
				CLANG_ENABLE_OBJC_ARC = YES;
				CLANG_ENABLE_OBJC_WEAK = YES;
				CLANG_WARN_BLOCK_CAPTURE_AUTORELEASING = YES;
				CLANG_WARN_BOOL_CONVERSION = YES;
				CLANG_WARN_COMMA = YES;
				CLANG_WARN_CONSTANT_CONVERSION = YES;
				CLANG_WARN_DEPRECATED_OBJC_IMPLEMENTATIONS = YES;
				CLANG_WARN_DIRECT_OBJC_ISA_USAGE = YES_ERROR;
				CLANG_WARN_DOCUMENTATION_COMMENTS = YES;
				CLANG_WARN_EMPTY_BODY = YES;
				CLANG_WARN_ENUM_CONVERSION = YES;
				CLANG_WARN_INFINITE_RECURSION = YES;
				CLANG_WARN_INT_CONVERSION = YES;
				CLANG_WARN_NON_LITERAL_NULL_CONVERSION = YES;
				CLANG_WARN_OBJC_IMPLICIT_RETAIN_SELF = YES;
				CLANG_WARN_OBJC_LITERAL_CONVERSION = YES;
				CLANG_WARN_OBJC_ROOT_CLASS = YES_ERROR;
				CLANG_WARN_RANGE_LOOP_ANALYSIS = YES;
				CLANG_WARN_STRICT_PROTOTYPES = YES;
				CLANG_WARN_SUSPICIOUS_MOVE = YES;
				CLANG_WARN_UNGUARDED_AVAILABILITY = YES_AGGRESSIVE;
				CLANG_WARN_UNREACHABLE_CODE = YES;
				CLANG_WARN__DUPLICATE_METHOD_MATCH = YES;
				CODE_SIGN_IDENTITY = "iPhone Developer";
				COPY_PHASE_STRIP = NO;
				DEBUG_INFORMATION_FORMAT = "dwarf-with-dsym";
				ENABLE_NS_ASSERTIONS = NO;
				ENABLE_STRICT_OBJC_MSGSEND = YES;
				GCC_C_LANGUAGE_STANDARD = gnu11;
				GCC_NO_COMMON_BLOCKS = YES;
				GCC_WARN_64_TO_32_BIT_CONVERSION = YES;
				GCC_WARN_ABOUT_RETURN_TYPE = YES_ERROR;
				GCC_WARN_UNDECLARED_SELECTOR = YES;
				GCC_WARN_UNINITIALIZED_AUTOS = YES_AGGRESSIVE;
				GCC_WARN_UNUSED_FUNCTION = YES;
				GCC_WARN_UNUSED_VARIABLE = YES;
				IPHONEOS_DEPLOYMENT_TARGET = 11.4;
				MTL_ENABLE_DEBUG_INFO = NO;
				SDKROOT = iphoneos;
				SWIFT_COMPILATION_MODE = wholemodule;
				SWIFT_OPTIMIZATION_LEVEL = "-O";
				VALIDATE_PRODUCT = YES;
			};
			name = Release;
		};
		07821E00213BA89E00080F73 /* Debug */ = {
			isa = XCBuildConfiguration;
			baseConfigurationReference = 326DD5617C92615F762105E4 /* Pods-WWDC.debug.xcconfig */;
			buildSettings = {
				ASSETCATALOG_COMPILER_APPICON_NAME = AppIcon;
				CODE_SIGN_STYLE = Automatic;
				DEVELOPMENT_TEAM = JV363ZPQ5Y;
				INFOPLIST_FILE = "$(SRCROOT)/WWDC/Info.plist";
				IPHONEOS_DEPLOYMENT_TARGET = 11.0;
				LD_RUNPATH_SEARCH_PATHS = (
					"$(inherited)",
					"@executable_path/Frameworks",
				);
				PRODUCT_BUNDLE_IDENTIFIER = thanhturin.WWDC;
				PRODUCT_NAME = "$(TARGET_NAME)";
				SWIFT_VERSION = 4.2;
				TARGETED_DEVICE_FAMILY = "1,2";
			};
			name = Debug;
		};
		07821E01213BA89E00080F73 /* Release */ = {
			isa = XCBuildConfiguration;
			baseConfigurationReference = 2FAA7D95EC5482D60108D84E /* Pods-WWDC.release.xcconfig */;
			buildSettings = {
				ASSETCATALOG_COMPILER_APPICON_NAME = AppIcon;
				CODE_SIGN_STYLE = Automatic;
				DEVELOPMENT_TEAM = JV363ZPQ5Y;
				INFOPLIST_FILE = "$(SRCROOT)/WWDC/Info.plist";
				IPHONEOS_DEPLOYMENT_TARGET = 11.0;
				LD_RUNPATH_SEARCH_PATHS = (
					"$(inherited)",
					"@executable_path/Frameworks",
				);
				PRODUCT_BUNDLE_IDENTIFIER = thanhturin.WWDC;
				PRODUCT_NAME = "$(TARGET_NAME)";
				SWIFT_VERSION = 4.2;
				TARGETED_DEVICE_FAMILY = "1,2";
			};
			name = Release;
		};
		07821E03213BA89E00080F73 /* Debug */ = {
			isa = XCBuildConfiguration;
			baseConfigurationReference = 4ADEE6B383041F32E932C14C /* Pods-WWDCTests.debug.xcconfig */;
			buildSettings = {
				ALWAYS_EMBED_SWIFT_STANDARD_LIBRARIES = YES;
				BUNDLE_LOADER = "$(TEST_HOST)";
				CODE_SIGN_STYLE = Automatic;
				DEVELOPMENT_TEAM = JV363ZPQ5Y;
				INFOPLIST_FILE = WWDCTests/Info.plist;
				LD_RUNPATH_SEARCH_PATHS = (
					"$(inherited)",
					"@executable_path/Frameworks",
					"@loader_path/Frameworks",
				);
				PRODUCT_BUNDLE_IDENTIFIER = thanhturin.WWDCTests;
				PRODUCT_NAME = "$(TARGET_NAME)";
				SWIFT_VERSION = 4.0;
				TARGETED_DEVICE_FAMILY = "1,2";
				TEST_HOST = "$(BUILT_PRODUCTS_DIR)/WWDC.app/WWDC";
			};
			name = Debug;
		};
		07821E04213BA89E00080F73 /* Release */ = {
			isa = XCBuildConfiguration;
			baseConfigurationReference = 45414FE8CFDCE7637548364F /* Pods-WWDCTests.release.xcconfig */;
			buildSettings = {
				ALWAYS_EMBED_SWIFT_STANDARD_LIBRARIES = YES;
				BUNDLE_LOADER = "$(TEST_HOST)";
				CODE_SIGN_STYLE = Automatic;
				DEVELOPMENT_TEAM = JV363ZPQ5Y;
				INFOPLIST_FILE = WWDCTests/Info.plist;
				LD_RUNPATH_SEARCH_PATHS = (
					"$(inherited)",
					"@executable_path/Frameworks",
					"@loader_path/Frameworks",
				);
				PRODUCT_BUNDLE_IDENTIFIER = thanhturin.WWDCTests;
				PRODUCT_NAME = "$(TARGET_NAME)";
				SWIFT_VERSION = 4.0;
				TARGETED_DEVICE_FAMILY = "1,2";
				TEST_HOST = "$(BUILT_PRODUCTS_DIR)/WWDC.app/WWDC";
			};
			name = Release;
		};
		07E66D2821594549002F9C71 /* Debug */ = {
			isa = XCBuildConfiguration;
			baseConfigurationReference = 277B43DEA3B351850A38208C /* Pods-WWDC_tvOS.debug.xcconfig */;
			buildSettings = {
				ASSETCATALOG_COMPILER_APPICON_NAME = "App Icon & Top Shelf Image";
				ASSETCATALOG_COMPILER_LAUNCHIMAGE_NAME = LaunchImage;
				CODE_SIGN_STYLE = Automatic;
				DEVELOPMENT_TEAM = JV363ZPQ5Y;
				INFOPLIST_FILE = WWDC_tvOS/Info.plist;
				LD_RUNPATH_SEARCH_PATHS = (
					"$(inherited)",
					"@executable_path/Frameworks",
				);
				MTL_ENABLE_DEBUG_INFO = INCLUDE_SOURCE;
				MTL_FAST_MATH = YES;
				PRODUCT_BUNDLE_IDENTIFIER = "thanhturin.WWDC-tvOS";
				PRODUCT_NAME = "$(TARGET_NAME)";
				SDKROOT = appletvos;
				SWIFT_VERSION = 4.2;
				TARGETED_DEVICE_FAMILY = 3;
				TVOS_DEPLOYMENT_TARGET = 12.0;
			};
			name = Debug;
		};
		07E66D2921594549002F9C71 /* Release */ = {
			isa = XCBuildConfiguration;
			baseConfigurationReference = 7A904F116B9397703F2E796C /* Pods-WWDC_tvOS.release.xcconfig */;
			buildSettings = {
				ASSETCATALOG_COMPILER_APPICON_NAME = "App Icon & Top Shelf Image";
				ASSETCATALOG_COMPILER_LAUNCHIMAGE_NAME = LaunchImage;
				CODE_SIGN_STYLE = Automatic;
				DEVELOPMENT_TEAM = JV363ZPQ5Y;
				INFOPLIST_FILE = WWDC_tvOS/Info.plist;
				LD_RUNPATH_SEARCH_PATHS = (
					"$(inherited)",
					"@executable_path/Frameworks",
				);
				MTL_FAST_MATH = YES;
				PRODUCT_BUNDLE_IDENTIFIER = "thanhturin.WWDC-tvOS";
				PRODUCT_NAME = "$(TARGET_NAME)";
				SDKROOT = appletvos;
				SWIFT_VERSION = 4.2;
				TARGETED_DEVICE_FAMILY = 3;
				TVOS_DEPLOYMENT_TARGET = 12.0;
			};
			name = Release;
		};
		07E66D2B21594549002F9C71 /* Debug */ = {
			isa = XCBuildConfiguration;
			baseConfigurationReference = 0E48116C1BB7F26ECDC5D12B /* Pods-WWDC_tvOSTests.debug.xcconfig */;
			buildSettings = {
				ALWAYS_EMBED_SWIFT_STANDARD_LIBRARIES = YES;
				BUNDLE_LOADER = "$(TEST_HOST)";
				CODE_SIGN_STYLE = Automatic;
				DEVELOPMENT_TEAM = JV363ZPQ5Y;
				INFOPLIST_FILE = WWDC_tvOSTests/Info.plist;
				LD_RUNPATH_SEARCH_PATHS = (
					"$(inherited)",
					"@executable_path/Frameworks",
					"@loader_path/Frameworks",
				);
				MTL_ENABLE_DEBUG_INFO = INCLUDE_SOURCE;
				MTL_FAST_MATH = YES;
				PRODUCT_BUNDLE_IDENTIFIER = "thanhturin.WWDC-tvOSTests";
				PRODUCT_NAME = "$(TARGET_NAME)";
				SDKROOT = appletvos;
				SWIFT_VERSION = 4.2;
				TARGETED_DEVICE_FAMILY = 3;
				TEST_HOST = "$(BUILT_PRODUCTS_DIR)/WWDC_tvOS.app/WWDC_tvOS";
				TVOS_DEPLOYMENT_TARGET = 12.0;
			};
			name = Debug;
		};
		07E66D2C21594549002F9C71 /* Release */ = {
			isa = XCBuildConfiguration;
			baseConfigurationReference = 3F5D55354FD4C0EAB0E05922 /* Pods-WWDC_tvOSTests.release.xcconfig */;
			buildSettings = {
				ALWAYS_EMBED_SWIFT_STANDARD_LIBRARIES = YES;
				BUNDLE_LOADER = "$(TEST_HOST)";
				CODE_SIGN_STYLE = Automatic;
				DEVELOPMENT_TEAM = JV363ZPQ5Y;
				INFOPLIST_FILE = WWDC_tvOSTests/Info.plist;
				LD_RUNPATH_SEARCH_PATHS = (
					"$(inherited)",
					"@executable_path/Frameworks",
					"@loader_path/Frameworks",
				);
				MTL_FAST_MATH = YES;
				PRODUCT_BUNDLE_IDENTIFIER = "thanhturin.WWDC-tvOSTests";
				PRODUCT_NAME = "$(TARGET_NAME)";
				SDKROOT = appletvos;
				SWIFT_VERSION = 4.2;
				TARGETED_DEVICE_FAMILY = 3;
				TEST_HOST = "$(BUILT_PRODUCTS_DIR)/WWDC_tvOS.app/WWDC_tvOS";
				TVOS_DEPLOYMENT_TARGET = 12.0;
			};
			name = Release;
		};
/* End XCBuildConfiguration section */

/* Begin XCConfigurationList section */
		07821DDD213BA89D00080F73 /* Build configuration list for PBXProject "WWDC" */ = {
			isa = XCConfigurationList;
			buildConfigurations = (
				07821DFD213BA89E00080F73 /* Debug */,
				07821DFE213BA89E00080F73 /* Release */,
			);
			defaultConfigurationIsVisible = 0;
			defaultConfigurationName = Release;
		};
		07821DFF213BA89E00080F73 /* Build configuration list for PBXNativeTarget "WWDC" */ = {
			isa = XCConfigurationList;
			buildConfigurations = (
				07821E00213BA89E00080F73 /* Debug */,
				07821E01213BA89E00080F73 /* Release */,
			);
			defaultConfigurationIsVisible = 0;
			defaultConfigurationName = Release;
		};
		07821E02213BA89E00080F73 /* Build configuration list for PBXNativeTarget "WWDCTests" */ = {
			isa = XCConfigurationList;
			buildConfigurations = (
				07821E03213BA89E00080F73 /* Debug */,
				07821E04213BA89E00080F73 /* Release */,
			);
			defaultConfigurationIsVisible = 0;
			defaultConfigurationName = Release;
		};
		07E66D2721594549002F9C71 /* Build configuration list for PBXNativeTarget "WWDC_tvOS" */ = {
			isa = XCConfigurationList;
			buildConfigurations = (
				07E66D2821594549002F9C71 /* Debug */,
				07E66D2921594549002F9C71 /* Release */,
			);
			defaultConfigurationIsVisible = 0;
			defaultConfigurationName = Release;
		};
		07E66D2A21594549002F9C71 /* Build configuration list for PBXNativeTarget "WWDC_tvOSTests" */ = {
			isa = XCConfigurationList;
			buildConfigurations = (
				07E66D2B21594549002F9C71 /* Debug */,
				07E66D2C21594549002F9C71 /* Release */,
			);
			defaultConfigurationIsVisible = 0;
			defaultConfigurationName = Release;
		};
/* End XCConfigurationList section */
	};
	rootObject = 07821DDA213BA89D00080F73 /* Project object */;
}
